// !$*UTF8*$!
{
	archiveVersion = 1;
	classes = {
	};
	objectVersion = 56;
	objects = {

/* Begin PBXBuildFile section */
		AA646FB82B6A415200A386A2 /* GoldenEraView.swift in Sources */ = {isa = PBXBuildFile; fileRef = AA646FB72B6A415200A386A2 /* GoldenEraView.swift */; };
		AAA0283F2B68CB4100CA16A5 /* DigitalJukeBoxApp.swift in Sources */ = {isa = PBXBuildFile; fileRef = AAA0283E2B68CB4100CA16A5 /* DigitalJukeBoxApp.swift */; };
		AAA028412B68CB4100CA16A5 /* ContentView.swift in Sources */ = {isa = PBXBuildFile; fileRef = AAA028402B68CB4100CA16A5 /* ContentView.swift */; };
		AAA028432B68CB4200CA16A5 /* Assets.xcassets in Resources */ = {isa = PBXBuildFile; fileRef = AAA028422B68CB4200CA16A5 /* Assets.xcassets */; };
		AAA028462B68CB4200CA16A5 /* Preview Assets.xcassets in Resources */ = {isa = PBXBuildFile; fileRef = AAA028452B68CB4200CA16A5 /* Preview Assets.xcassets */; };
		AAA028502B68CB4200CA16A5 /* DigitalJukeBoxTests.swift in Sources */ = {isa = PBXBuildFile; fileRef = AAA0284F2B68CB4200CA16A5 /* DigitalJukeBoxTests.swift */; };
		AAA0285A2B68CB4200CA16A5 /* DigitalJukeBoxUITests.swift in Sources */ = {isa = PBXBuildFile; fileRef = AAA028592B68CB4200CA16A5 /* DigitalJukeBoxUITests.swift */; };
		AAA0285C2B68CB4200CA16A5 /* DigitalJukeBoxUITestsLaunchTests.swift in Sources */ = {isa = PBXBuildFile; fileRef = AAA0285B2B68CB4200CA16A5 /* DigitalJukeBoxUITestsLaunchTests.swift */; };
/* End PBXBuildFile section */

/* Begin PBXContainerItemProxy section */
		AAA0284C2B68CB4200CA16A5 /* PBXContainerItemProxy */ = {
			isa = PBXContainerItemProxy;
			containerPortal = AAA028332B68CB4100CA16A5 /* Project object */;
			proxyType = 1;
			remoteGlobalIDString = AAA0283A2B68CB4100CA16A5;
			remoteInfo = DigitalJukeBox;
		};
		AAA028562B68CB4200CA16A5 /* PBXContainerItemProxy */ = {
			isa = PBXContainerItemProxy;
			containerPortal = AAA028332B68CB4100CA16A5 /* Project object */;
			proxyType = 1;
			remoteGlobalIDString = AAA0283A2B68CB4100CA16A5;
			remoteInfo = DigitalJukeBox;
		};
/* End PBXContainerItemProxy section */

/* Begin PBXFileReference section */
		AA646FB72B6A415200A386A2 /* GoldenEraView.swift */ = {isa = PBXFileReference; lastKnownFileType = sourcecode.swift; path = GoldenEraView.swift; sourceTree = "<group>"; };
		AAA0283B2B68CB4100CA16A5 /* DigitalJukeBox.app */ = {isa = PBXFileReference; explicitFileType = wrapper.application; includeInIndex = 0; path = DigitalJukeBox.app; sourceTree = BUILT_PRODUCTS_DIR; };
		AAA0283E2B68CB4100CA16A5 /* DigitalJukeBoxApp.swift */ = {isa = PBXFileReference; lastKnownFileType = sourcecode.swift; path = DigitalJukeBoxApp.swift; sourceTree = "<group>"; };
		AAA028402B68CB4100CA16A5 /* ContentView.swift */ = {isa = PBXFileReference; lastKnownFileType = sourcecode.swift; path = ContentView.swift; sourceTree = "<group>"; };
		AAA028422B68CB4200CA16A5 /* Assets.xcassets */ = {isa = PBXFileReference; lastKnownFileType = folder.assetcatalog; path = Assets.xcassets; sourceTree = "<group>"; };
		AAA028452B68CB4200CA16A5 /* Preview Assets.xcassets */ = {isa = PBXFileReference; lastKnownFileType = folder.assetcatalog; path = "Preview Assets.xcassets"; sourceTree = "<group>"; };
		AAA0284B2B68CB4200CA16A5 /* DigitalJukeBoxTests.xctest */ = {isa = PBXFileReference; explicitFileType = wrapper.cfbundle; includeInIndex = 0; path = DigitalJukeBoxTests.xctest; sourceTree = BUILT_PRODUCTS_DIR; };
		AAA0284F2B68CB4200CA16A5 /* DigitalJukeBoxTests.swift */ = {isa = PBXFileReference; lastKnownFileType = sourcecode.swift; path = DigitalJukeBoxTests.swift; sourceTree = "<group>"; };
		AAA028552B68CB4200CA16A5 /* DigitalJukeBoxUITests.xctest */ = {isa = PBXFileReference; explicitFileType = wrapper.cfbundle; includeInIndex = 0; path = DigitalJukeBoxUITests.xctest; sourceTree = BUILT_PRODUCTS_DIR; };
		AAA028592B68CB4200CA16A5 /* DigitalJukeBoxUITests.swift */ = {isa = PBXFileReference; lastKnownFileType = sourcecode.swift; path = DigitalJukeBoxUITests.swift; sourceTree = "<group>"; };
		AAA0285B2B68CB4200CA16A5 /* DigitalJukeBoxUITestsLaunchTests.swift */ = {isa = PBXFileReference; lastKnownFileType = sourcecode.swift; path = DigitalJukeBoxUITestsLaunchTests.swift; sourceTree = "<group>"; };
/* End PBXFileReference section */

/* Begin PBXFrameworksBuildPhase section */
		AAA028382B68CB4100CA16A5 /* Frameworks */ = {
			isa = PBXFrameworksBuildPhase;
			buildActionMask = 2147483647;
			files = (
			);
			runOnlyForDeploymentPostprocessing = 0;
		};
		AAA028482B68CB4200CA16A5 /* Frameworks */ = {
			isa = PBXFrameworksBuildPhase;
			buildActionMask = 2147483647;
			files = (
			);
			runOnlyForDeploymentPostprocessing = 0;
		};
		AAA028522B68CB4200CA16A5 /* Frameworks */ = {
			isa = PBXFrameworksBuildPhase;
			buildActionMask = 2147483647;
			files = (
			);
			runOnlyForDeploymentPostprocessing = 0;
		};
/* End PBXFrameworksBuildPhase section */

/* Begin PBXGroup section */
		AAA028322B68CB4100CA16A5 = {
			isa = PBXGroup;
			children = (
				AAA0283D2B68CB4100CA16A5 /* DigitalJukeBox */,
				AAA0284E2B68CB4200CA16A5 /* DigitalJukeBoxTests */,
				AAA028582B68CB4200CA16A5 /* DigitalJukeBoxUITests */,
				AAA0283C2B68CB4100CA16A5 /* Products */,
			);
			sourceTree = "<group>";
		};
		AAA0283C2B68CB4100CA16A5 /* Products */ = {
			isa = PBXGroup;
			children = (
				AAA0283B2B68CB4100CA16A5 /* DigitalJukeBox.app */,
				AAA0284B2B68CB4200CA16A5 /* DigitalJukeBoxTests.xctest */,
				AAA028552B68CB4200CA16A5 /* DigitalJukeBoxUITests.xctest */,
			);
			name = Products;
			sourceTree = "<group>";
		};
		AAA0283D2B68CB4100CA16A5 /* DigitalJukeBox */ = {
			isa = PBXGroup;
			children = (
				AAA0283E2B68CB4100CA16A5 /* DigitalJukeBoxApp.swift */,
				AAA028402B68CB4100CA16A5 /* ContentView.swift */,
				AA646FB72B6A415200A386A2 /* GoldenEraView.swift */,
				AAA028422B68CB4200CA16A5 /* Assets.xcassets */,
				AAA028442B68CB4200CA16A5 /* Preview Content */,
			);
			path = DigitalJukeBox;
			sourceTree = "<group>";
		};
		AAA028442B68CB4200CA16A5 /* Preview Content */ = {
			isa = PBXGroup;
			children = (
				AAA028452B68CB4200CA16A5 /* Preview Assets.xcassets */,
			);
			path = "Preview Content";
			sourceTree = "<group>";
		};
		AAA0284E2B68CB4200CA16A5 /* DigitalJukeBoxTests */ = {
			isa = PBXGroup;
			children = (
				AAA0284F2B68CB4200CA16A5 /* DigitalJukeBoxTests.swift */,
			);
			path = DigitalJukeBoxTests;
			sourceTree = "<group>";
		};
		AAA028582B68CB4200CA16A5 /* DigitalJukeBoxUITests */ = {
			isa = PBXGroup;
			children = (
				AAA028592B68CB4200CA16A5 /* DigitalJukeBoxUITests.swift */,
				AAA0285B2B68CB4200CA16A5 /* DigitalJukeBoxUITestsLaunchTests.swift */,
			);
			path = DigitalJukeBoxUITests;
			sourceTree = "<group>";
		};
/* End PBXGroup section */

/* Begin PBXNativeTarget section */
		AAA0283A2B68CB4100CA16A5 /* DigitalJukeBox */ = {
			isa = PBXNativeTarget;
			buildConfigurationList = AAA0285F2B68CB4200CA16A5 /* Build configuration list for PBXNativeTarget "DigitalJukeBox" */;
			buildPhases = (
				AAA028372B68CB4100CA16A5 /* Sources */,
				AAA028382B68CB4100CA16A5 /* Frameworks */,
				AAA028392B68CB4100CA16A5 /* Resources */,
			);
			buildRules = (
			);
			dependencies = (
			);
			name = DigitalJukeBox;
			productName = DigitalJukeBox;
			productReference = AAA0283B2B68CB4100CA16A5 /* DigitalJukeBox.app */;
			productType = "com.apple.product-type.application";
		};
		AAA0284A2B68CB4200CA16A5 /* DigitalJukeBoxTests */ = {
			isa = PBXNativeTarget;
			buildConfigurationList = AAA028622B68CB4200CA16A5 /* Build configuration list for PBXNativeTarget "DigitalJukeBoxTests" */;
			buildPhases = (
				AAA028472B68CB4200CA16A5 /* Sources */,
				AAA028482B68CB4200CA16A5 /* Frameworks */,
				AAA028492B68CB4200CA16A5 /* Resources */,
			);
			buildRules = (
			);
			dependencies = (
				AAA0284D2B68CB4200CA16A5 /* PBXTargetDependency */,
			);
			name = DigitalJukeBoxTests;
			productName = DigitalJukeBoxTests;
			productReference = AAA0284B2B68CB4200CA16A5 /* DigitalJukeBoxTests.xctest */;
			productType = "com.apple.product-type.bundle.unit-test";
		};
		AAA028542B68CB4200CA16A5 /* DigitalJukeBoxUITests */ = {
			isa = PBXNativeTarget;
			buildConfigurationList = AAA028652B68CB4200CA16A5 /* Build configuration list for PBXNativeTarget "DigitalJukeBoxUITests" */;
			buildPhases = (
				AAA028512B68CB4200CA16A5 /* Sources */,
				AAA028522B68CB4200CA16A5 /* Frameworks */,
				AAA028532B68CB4200CA16A5 /* Resources */,
			);
			buildRules = (
			);
			dependencies = (
				AAA028572B68CB4200CA16A5 /* PBXTargetDependency */,
			);
			name = DigitalJukeBoxUITests;
			productName = DigitalJukeBoxUITests;
			productReference = AAA028552B68CB4200CA16A5 /* DigitalJukeBoxUITests.xctest */;
			productType = "com.apple.product-type.bundle.ui-testing";
		};
/* End PBXNativeTarget section */

/* Begin PBXProject section */
		AAA028332B68CB4100CA16A5 /* Project object */ = {
			isa = PBXProject;
			attributes = {
				BuildIndependentTargetsInParallel = 1;
				LastSwiftUpdateCheck = 1520;
				LastUpgradeCheck = 1520;
				TargetAttributes = {
					AAA0283A2B68CB4100CA16A5 = {
						CreatedOnToolsVersion = 15.2;
					};
					AAA0284A2B68CB4200CA16A5 = {
						CreatedOnToolsVersion = 15.2;
						TestTargetID = AAA0283A2B68CB4100CA16A5;
					};
					AAA028542B68CB4200CA16A5 = {
						CreatedOnToolsVersion = 15.2;
						TestTargetID = AAA0283A2B68CB4100CA16A5;
					};
				};
			};
			buildConfigurationList = AAA028362B68CB4100CA16A5 /* Build configuration list for PBXProject "DigitalJukeBox" */;
			compatibilityVersion = "Xcode 14.0";
			developmentRegion = en;
			hasScannedForEncodings = 0;
			knownRegions = (
				en,
				Base,
			);
			mainGroup = AAA028322B68CB4100CA16A5;
			productRefGroup = AAA0283C2B68CB4100CA16A5 /* Products */;
			projectDirPath = "";
			projectRoot = "";
			targets = (
				AAA0283A2B68CB4100CA16A5 /* DigitalJukeBox */,
				AAA0284A2B68CB4200CA16A5 /* DigitalJukeBoxTests */,
				AAA028542B68CB4200CA16A5 /* DigitalJukeBoxUITests */,
			);
		};
/* End PBXProject section */

/* Begin PBXResourcesBuildPhase section */
		AAA028392B68CB4100CA16A5 /* Resources */ = {
			isa = PBXResourcesBuildPhase;
			buildActionMask = 2147483647;
			files = (
				AAA028462B68CB4200CA16A5 /* Preview Assets.xcassets in Resources */,
				AAA028432B68CB4200CA16A5 /* Assets.xcassets in Resources */,
			);
			runOnlyForDeploymentPostprocessing = 0;
		};
		AAA028492B68CB4200CA16A5 /* Resources */ = {
			isa = PBXResourcesBuildPhase;
			buildActionMask = 2147483647;
			files = (
			);
			runOnlyForDeploymentPostprocessing = 0;
		};
		AAA028532B68CB4200CA16A5 /* Resources */ = {
			isa = PBXResourcesBuildPhase;
			buildActionMask = 2147483647;
			files = (
			);
			runOnlyForDeploymentPostprocessing = 0;
		};
/* End PBXResourcesBuildPhase section */

/* Begin PBXSourcesBuildPhase section */
		AAA028372B68CB4100CA16A5 /* Sources */ = {
			isa = PBXSourcesBuildPhase;
			buildActionMask = 2147483647;
			files = (
				AA646FB82B6A415200A386A2 /* GoldenEraView.swift in Sources */,
				AAA028412B68CB4100CA16A5 /* ContentView.swift in Sources */,
				AAA0283F2B68CB4100CA16A5 /* DigitalJukeBoxApp.swift in Sources */,
			);
			runOnlyForDeploymentPostprocessing = 0;
		};
		AAA028472B68CB4200CA16A5 /* Sources */ = {
			isa = PBXSourcesBuildPhase;
			buildActionMask = 2147483647;
			files = (
				AAA028502B68CB4200CA16A5 /* DigitalJukeBoxTests.swift in Sources */,
			);
			runOnlyForDeploymentPostprocessing = 0;
		};
		AAA028512B68CB4200CA16A5 /* Sources */ = {
			isa = PBXSourcesBuildPhase;
			buildActionMask = 2147483647;
			files = (
				AAA0285C2B68CB4200CA16A5 /* DigitalJukeBoxUITestsLaunchTests.swift in Sources */,
				AAA0285A2B68CB4200CA16A5 /* DigitalJukeBoxUITests.swift in Sources */,
			);
			runOnlyForDeploymentPostprocessing = 0;
		};
/* End PBXSourcesBuildPhase section */

/* Begin PBXTargetDependency section */
		AAA0284D2B68CB4200CA16A5 /* PBXTargetDependency */ = {
			isa = PBXTargetDependency;
			target = AAA0283A2B68CB4100CA16A5 /* DigitalJukeBox */;
			targetProxy = AAA0284C2B68CB4200CA16A5 /* PBXContainerItemProxy */;
		};
		AAA028572B68CB4200CA16A5 /* PBXTargetDependency */ = {
			isa = PBXTargetDependency;
			target = AAA0283A2B68CB4100CA16A5 /* DigitalJukeBox */;
			targetProxy = AAA028562B68CB4200CA16A5 /* PBXContainerItemProxy */;
		};
/* End PBXTargetDependency section */

/* Begin XCBuildConfiguration section */
		AAA0285D2B68CB4200CA16A5 /* Debug */ = {
			isa = XCBuildConfiguration;
			buildSettings = {
				ALWAYS_SEARCH_USER_PATHS = NO;
				ASSETCATALOG_COMPILER_GENERATE_SWIFT_ASSET_SYMBOL_EXTENSIONS = YES;
				CLANG_ANALYZER_NONNULL = YES;
				CLANG_ANALYZER_NUMBER_OBJECT_CONVERSION = YES_AGGRESSIVE;
				CLANG_CXX_LANGUAGE_STANDARD = "gnu++20";
				CLANG_ENABLE_MODULES = YES;
				CLANG_ENABLE_OBJC_ARC = YES;
				CLANG_ENABLE_OBJC_WEAK = YES;
				CLANG_WARN_BLOCK_CAPTURE_AUTORELEASING = YES;
				CLANG_WARN_BOOL_CONVERSION = YES;
				CLANG_WARN_COMMA = YES;
				CLANG_WARN_CONSTANT_CONVERSION = YES;
				CLANG_WARN_DEPRECATED_OBJC_IMPLEMENTATIONS = YES;
				CLANG_WARN_DIRECT_OBJC_ISA_USAGE = YES_ERROR;
				CLANG_WARN_DOCUMENTATION_COMMENTS = YES;
				CLANG_WARN_EMPTY_BODY = YES;
				CLANG_WARN_ENUM_CONVERSION = YES;
				CLANG_WARN_INFINITE_RECURSION = YES;
				CLANG_WARN_INT_CONVERSION = YES;
				CLANG_WARN_NON_LITERAL_NULL_CONVERSION = YES;
				CLANG_WARN_OBJC_IMPLICIT_RETAIN_SELF = YES;
				CLANG_WARN_OBJC_LITERAL_CONVERSION = YES;
				CLANG_WARN_OBJC_ROOT_CLASS = YES_ERROR;
				CLANG_WARN_QUOTED_INCLUDE_IN_FRAMEWORK_HEADER = YES;
				CLANG_WARN_RANGE_LOOP_ANALYSIS = YES;
				CLANG_WARN_STRICT_PROTOTYPES = YES;
				CLANG_WARN_SUSPICIOUS_MOVE = YES;
				CLANG_WARN_UNGUARDED_AVAILABILITY = YES_AGGRESSIVE;
				CLANG_WARN_UNREACHABLE_CODE = YES;
				CLANG_WARN__DUPLICATE_METHOD_MATCH = YES;
				COPY_PHASE_STRIP = NO;
				DEBUG_INFORMATION_FORMAT = dwarf;
				ENABLE_STRICT_OBJC_MSGSEND = YES;
				ENABLE_TESTABILITY = YES;
				ENABLE_USER_SCRIPT_SANDBOXING = YES;
				GCC_C_LANGUAGE_STANDARD = gnu17;
				GCC_DYNAMIC_NO_PIC = NO;
				GCC_NO_COMMON_BLOCKS = YES;
				GCC_OPTIMIZATION_LEVEL = 0;
				GCC_PREPROCESSOR_DEFINITIONS = (
					"DEBUG=1",
					"$(inherited)",
				);
				GCC_WARN_64_TO_32_BIT_CONVERSION = YES;
				GCC_WARN_ABOUT_RETURN_TYPE = YES_ERROR;
				GCC_WARN_UNDECLARED_SELECTOR = YES;
				GCC_WARN_UNINITIALIZED_AUTOS = YES_AGGRESSIVE;
				GCC_WARN_UNUSED_FUNCTION = YES;
				GCC_WARN_UNUSED_VARIABLE = YES;
				IPHONEOS_DEPLOYMENT_TARGET = 17.2;
				LOCALIZATION_PREFERS_STRING_CATALOGS = YES;
				MTL_ENABLE_DEBUG_INFO = INCLUDE_SOURCE;
				MTL_FAST_MATH = YES;
				ONLY_ACTIVE_ARCH = YES;
				SDKROOT = iphoneos;
				SWIFT_ACTIVE_COMPILATION_CONDITIONS = "DEBUG $(inherited)";
				SWIFT_OPTIMIZATION_LEVEL = "-Onone";
			};
			name = Debug;
		};
		AAA0285E2B68CB4200CA16A5 /* Release */ = {
			isa = XCBuildConfiguration;
			buildSettings = {
				ALWAYS_SEARCH_USER_PATHS = NO;
				ASSETCATALOG_COMPILER_GENERATE_SWIFT_ASSET_SYMBOL_EXTENSIONS = YES;
				CLANG_ANALYZER_NONNULL = YES;
				CLANG_ANALYZER_NUMBER_OBJECT_CONVERSION = YES_AGGRESSIVE;
				CLANG_CXX_LANGUAGE_STANDARD = "gnu++20";
				CLANG_ENABLE_MODULES = YES;
				CLANG_ENABLE_OBJC_ARC = YES;
				CLANG_ENABLE_OBJC_WEAK = YES;
				CLANG_WARN_BLOCK_CAPTURE_AUTORELEASING = YES;
				CLANG_WARN_BOOL_CONVERSION = YES;
				CLANG_WARN_COMMA = YES;
				CLANG_WARN_CONSTANT_CONVERSION = YES;
				CLANG_WARN_DEPRECATED_OBJC_IMPLEMENTATIONS = YES;
				CLANG_WARN_DIRECT_OBJC_ISA_USAGE = YES_ERROR;
				CLANG_WARN_DOCUMENTATION_COMMENTS = YES;
				CLANG_WARN_EMPTY_BODY = YES;
				CLANG_WARN_ENUM_CONVERSION = YES;
				CLANG_WARN_INFINITE_RECURSION = YES;
				CLANG_WARN_INT_CONVERSION = YES;
				CLANG_WARN_NON_LITERAL_NULL_CONVERSION = YES;
				CLANG_WARN_OBJC_IMPLICIT_RETAIN_SELF = YES;
				CLANG_WARN_OBJC_LITERAL_CONVERSION = YES;
				CLANG_WARN_OBJC_ROOT_CLASS = YES_ERROR;
				CLANG_WARN_QUOTED_INCLUDE_IN_FRAMEWORK_HEADER = YES;
				CLANG_WARN_RANGE_LOOP_ANALYSIS = YES;
				CLANG_WARN_STRICT_PROTOTYPES = YES;
				CLANG_WARN_SUSPICIOUS_MOVE = YES;
				CLANG_WARN_UNGUARDED_AVAILABILITY = YES_AGGRESSIVE;
				CLANG_WARN_UNREACHABLE_CODE = YES;
				CLANG_WARN__DUPLICATE_METHOD_MATCH = YES;
				COPY_PHASE_STRIP = NO;
				DEBUG_INFORMATION_FORMAT = "dwarf-with-dsym";
				ENABLE_NS_ASSERTIONS = NO;
				ENABLE_STRICT_OBJC_MSGSEND = YES;
				ENABLE_USER_SCRIPT_SANDBOXING = YES;
				GCC_C_LANGUAGE_STANDARD = gnu17;
				GCC_NO_COMMON_BLOCKS = YES;
				GCC_WARN_64_TO_32_BIT_CONVERSION = YES;
				GCC_WARN_ABOUT_RETURN_TYPE = YES_ERROR;
				GCC_WARN_UNDECLARED_SELECTOR = YES;
				GCC_WARN_UNINITIALIZED_AUTOS = YES_AGGRESSIVE;
				GCC_WARN_UNUSED_FUNCTION = YES;
				GCC_WARN_UNUSED_VARIABLE = YES;
				IPHONEOS_DEPLOYMENT_TARGET = 17.2;
				LOCALIZATION_PREFERS_STRING_CATALOGS = YES;
				MTL_ENABLE_DEBUG_INFO = NO;
				MTL_FAST_MATH = YES;
				SDKROOT = iphoneos;
				SWIFT_COMPILATION_MODE = wholemodule;
				VALIDATE_PRODUCT = YES;
			};
			name = Release;
		};
		AAA028602B68CB4200CA16A5 /* Debug */ = {
			isa = XCBuildConfiguration;
			buildSettings = {
				ASSETCATALOG_COMPILER_APPICON_NAME = AppIcon;
				ASSETCATALOG_COMPILER_GLOBAL_ACCENT_COLOR_NAME = AccentColor;
				CODE_SIGN_STYLE = Automatic;
				CURRENT_PROJECT_VERSION = 1;
				DEVELOPMENT_ASSET_PATHS = "\"DigitalJukeBox/Preview Content\"";
				ENABLE_PREVIEWS = YES;
				GENERATE_INFOPLIST_FILE = YES;
				INFOPLIST_KEY_UIApplicationSceneManifest_Generation = YES;
				INFOPLIST_KEY_UIApplicationSupportsIndirectInputEvents = YES;
				INFOPLIST_KEY_UILaunchScreen_Generation = YES;
				INFOPLIST_KEY_UISupportedInterfaceOrientations_iPad = "UIInterfaceOrientationPortrait UIInterfaceOrientationPortraitUpsideDown UIInterfaceOrientationLandscapeLeft UIInterfaceOrientationLandscapeRight";
				INFOPLIST_KEY_UISupportedInterfaceOrientations_iPhone = "UIInterfaceOrientationPortrait UIInterfaceOrientationLandscapeLeft UIInterfaceOrientationLandscapeRight";
				LD_RUNPATH_SEARCH_PATHS = (
					"$(inherited)",
					"@executable_path/Frameworks",
				);
				MARKETING_VERSION = 1.0;
				PRODUCT_BUNDLE_IDENTIFIER = Daniel.DigitalJukeBox;
				PRODUCT_NAME = "$(TARGET_NAME)";
				SWIFT_EMIT_LOC_STRINGS = YES;
				SWIFT_VERSION = 5.0;
				TARGETED_DEVICE_FAMILY = "1,2";
			};
			name = Debug;
		};
		AAA028612B68CB4200CA16A5 /* Release */ = {
			isa = XCBuildConfiguration;
			buildSettings = {
				ASSETCATALOG_COMPILER_APPICON_NAME = AppIcon;
				ASSETCATALOG_COMPILER_GLOBAL_ACCENT_COLOR_NAME = AccentColor;
				CODE_SIGN_STYLE = Automatic;
				CURRENT_PROJECT_VERSION = 1;
				DEVELOPMENT_ASSET_PATHS = "\"DigitalJukeBox/Preview Content\"";
				ENABLE_PREVIEWS = YES;
				GENERATE_INFOPLIST_FILE = YES;
				INFOPLIST_KEY_UIApplicationSceneManifest_Generation = YES;
				INFOPLIST_KEY_UIApplicationSupportsIndirectInputEvents = YES;
				INFOPLIST_KEY_UILaunchScreen_Generation = YES;
				INFOPLIST_KEY_UISupportedInterfaceOrientations_iPad = "UIInterfaceOrientationPortrait UIInterfaceOrientationPortraitUpsideDown UIInterfaceOrientationLandscapeLeft UIInterfaceOrientationLandscapeRight";
				INFOPLIST_KEY_UISupportedInterfaceOrientations_iPhone = "UIInterfaceOrientationPortrait UIInterfaceOrientationLandscapeLeft UIInterfaceOrientationLandscapeRight";
				LD_RUNPATH_SEARCH_PATHS = (
					"$(inherited)",
					"@executable_path/Frameworks",
				);
				MARKETING_VERSION = 1.0;
				PRODUCT_BUNDLE_IDENTIFIER = Daniel.DigitalJukeBox;
				PRODUCT_NAME = "$(TARGET_NAME)";
				SWIFT_EMIT_LOC_STRINGS = YES;
				SWIFT_VERSION = 5.0;
				TARGETED_DEVICE_FAMILY = "1,2";
			};
			name = Release;
		};
		AAA028632B68CB4200CA16A5 /* Debug */ = {
			isa = XCBuildConfiguration;
			buildSettings = {
				ALWAYS_EMBED_SWIFT_STANDARD_LIBRARIES = YES;
				BUNDLE_LOADER = "$(TEST_HOST)";
				CODE_SIGN_STYLE = Automatic;
				CURRENT_PROJECT_VERSION = 1;
				GENERATE_INFOPLIST_FILE = YES;
				IPHONEOS_DEPLOYMENT_TARGET = 17.2;
				MARKETING_VERSION = 1.0;
				PRODUCT_BUNDLE_IDENTIFIER = Daniel.DigitalJukeBoxTests;
				PRODUCT_NAME = "$(TARGET_NAME)";
				SWIFT_EMIT_LOC_STRINGS = NO;
				SWIFT_VERSION = 5.0;
				TARGETED_DEVICE_FAMILY = "1,2";
				TEST_HOST = "$(BUILT_PRODUCTS_DIR)/DigitalJukeBox.app/$(BUNDLE_EXECUTABLE_FOLDER_PATH)/DigitalJukeBox";
			};
			name = Debug;
		};
		AAA028642B68CB4200CA16A5 /* Release */ = {
			isa = XCBuildConfiguration;
			buildSettings = {
				ALWAYS_EMBED_SWIFT_STANDARD_LIBRARIES = YES;
				BUNDLE_LOADER = "$(TEST_HOST)";
				CODE_SIGN_STYLE = Automatic;
				CURRENT_PROJECT_VERSION = 1;
				GENERATE_INFOPLIST_FILE = YES;
				IPHONEOS_DEPLOYMENT_TARGET = 17.2;
				MARKETING_VERSION = 1.0;
				PRODUCT_BUNDLE_IDENTIFIER = Daniel.DigitalJukeBoxTests;
				PRODUCT_NAME = "$(TARGET_NAME)";
				SWIFT_EMIT_LOC_STRINGS = NO;
				SWIFT_VERSION = 5.0;
				TARGETED_DEVICE_FAMILY = "1,2";
				TEST_HOST = "$(BUILT_PRODUCTS_DIR)/DigitalJukeBox.app/$(BUNDLE_EXECUTABLE_FOLDER_PATH)/DigitalJukeBox";
			};
			name = Release;
		};
		AAA028662B68CB4200CA16A5 /* Debug */ = {
			isa = XCBuildConfiguration;
			buildSettings = {
				ALWAYS_EMBED_SWIFT_STANDARD_LIBRARIES = YES;
				CODE_SIGN_STYLE = Automatic;
				CURRENT_PROJECT_VERSION = 1;
				GENERATE_INFOPLIST_FILE = YES;
				MARKETING_VERSION = 1.0;
				PRODUCT_BUNDLE_IDENTIFIER = Daniel.DigitalJukeBoxUITests;
				PRODUCT_NAME = "$(TARGET_NAME)";
				SWIFT_EMIT_LOC_STRINGS = NO;
				SWIFT_VERSION = 5.0;
				TARGETED_DEVICE_FAMILY = "1,2";
				TEST_TARGET_NAME = DigitalJukeBox;
			};
			name = Debug;
		};
		AAA028672B68CB4200CA16A5 /* Release */ = {
			isa = XCBuildConfiguration;
			buildSettings = {
				ALWAYS_EMBED_SWIFT_STANDARD_LIBRARIES = YES;
				CODE_SIGN_STYLE = Automatic;
				CURRENT_PROJECT_VERSION = 1;
				GENERATE_INFOPLIST_FILE = YES;
				MARKETING_VERSION = 1.0;
				PRODUCT_BUNDLE_IDENTIFIER = Daniel.DigitalJukeBoxUITests;
				PRODUCT_NAME = "$(TARGET_NAME)";
				SWIFT_EMIT_LOC_STRINGS = NO;
				SWIFT_VERSION = 5.0;
				TARGETED_DEVICE_FAMILY = "1,2";
				TEST_TARGET_NAME = DigitalJukeBox;
			};
			name = Release;
		};
/* End XCBuildConfiguration section */

/* Begin XCConfigurationList section */
		AAA028362B68CB4100CA16A5 /* Build configuration list for PBXProject "DigitalJukeBox" */ = {
			isa = XCConfigurationList;
			buildConfigurations = (
				AAA0285D2B68CB4200CA16A5 /* Debug */,
				AAA0285E2B68CB4200CA16A5 /* Release */,
			);
			defaultConfigurationIsVisible = 0;
			defaultConfigurationName = Release;
		};
		AAA0285F2B68CB4200CA16A5 /* Build configuration list for PBXNativeTarget "DigitalJukeBox" */ = {
			isa = XCConfigurationList;
			buildConfigurations = (
				AAA028602B68CB4200CA16A5 /* Debug */,
				AAA028612B68CB4200CA16A5 /* Release */,
			);
			defaultConfigurationIsVisible = 0;
			defaultConfigurationName = Release;
		};
		AAA028622B68CB4200CA16A5 /* Build configuration list for PBXNativeTarget "DigitalJukeBoxTests" */ = {
			isa = XCConfigurationList;
			buildConfigurations = (
				AAA028632B68CB4200CA16A5 /* Debug */,
				AAA028642B68CB4200CA16A5 /* Release */,
			);
			defaultConfigurationIsVisible = 0;
			defaultConfigurationName = Release;
		};
		AAA028652B68CB4200CA16A5 /* Build configuration list for PBXNativeTarget "DigitalJukeBoxUITests" */ = {
			isa = XCConfigurationList;
			buildConfigurations = (
				AAA028662B68CB4200CA16A5 /* Debug */,
				AAA028672B68CB4200CA16A5 /* Release */,
			);
			defaultConfigurationIsVisible = 0;
			defaultConfigurationName = Release;
		};
/* End XCConfigurationList section */
	};
	rootObject = AAA028332B68CB4100CA16A5 /* Project object */;
}
